
Microsoft Visual Studio Solution File, Format Version 12.00
# Visual Studio Version 17
VisualStudioVersion = 17.13.35931.197
MinimumVisualStudioVersion = 10.0.40219.1
Project("{FAE04EC0-301F-11D3-BF4B-00C04F79EFBC}") = "GOS_FxApps", "GOS_FxApps.csproj", "{51434C83-6C5E-4C12-99E8-00155D3C3A79}"
EndProject
Global
	GlobalSection(SolutionConfigurationPlatforms) = preSolution
		Debug|Any CPU = Debug|Any CPU
		Release|Any CPU = Release|Any CPU
	EndGlobalSection
	GlobalSection(ProjectConfigurationPlatforms) = postSolution
		{51434C83-6C5E-4C12-99E8-00155D3C3A79}.Debug|Any CPU.ActiveCfg = Debug|Any CPU
		{51434C83-6C5E-4C12-99E8-00155D3C3A79}.Debug|Any CPU.Build.0 = Debug|Any CPU
		{51434C83-6C5E-4C12-99E8-00155D3C3A79}.Release|Any CPU.ActiveCfg = Release|Any CPU
		{51434C83-6C5E-4C12-99E8-00155D3C3A79}.Release|Any CPU.Build.0 = Release|Any CPU
	EndGlobalSection
	GlobalSection(SolutionProperties) = preSolution
		HideSolutionNode = FALSE
	EndGlobalSection
	GlobalSection(ExtensibilityGlobals) = postSolution
		SolutionGuid = {B86C4AFB-0E79-4269-B01E-5490DD217755}
	EndGlobalSection
EndGlobal
